// !$*UTF8*$!
{
	archiveVersion = 1;
	classes = {
	};
	objectVersion = 56;
	objects = {

/* Begin PBXBuildFile section */
		C99AA8622C6DFC1500C07BC2 /* Constant.swift in Sources */ = {isa = PBXBuildFile; fileRef = C99AA8612C6DFC1500C07BC2 /* Constant.swift */; };
		C99AA8682C6DFF6900C07BC2 /* BaseViewController.swift in Sources */ = {isa = PBXBuildFile; fileRef = C99AA8672C6DFF6900C07BC2 /* BaseViewController.swift */; };
		C99AA86A2C6DFF9600C07BC2 /* UIViewController+.swift in Sources */ = {isa = PBXBuildFile; fileRef = C99AA8692C6DFF9600C07BC2 /* UIViewController+.swift */; };
		C99AA86C2C6E001100C07BC2 /* BaseView.swift in Sources */ = {isa = PBXBuildFile; fileRef = C99AA86B2C6E001100C07BC2 /* BaseView.swift */; };
		C9D68BD72C6CD154002AF632 /* AppDelegate.swift in Sources */ = {isa = PBXBuildFile; fileRef = C9D68BD62C6CD154002AF632 /* AppDelegate.swift */; };
		C9D68BD92C6CD154002AF632 /* SceneDelegate.swift in Sources */ = {isa = PBXBuildFile; fileRef = C9D68BD82C6CD154002AF632 /* SceneDelegate.swift */; };
		C9D68BDB2C6CD154002AF632 /* LogInViewController.swift in Sources */ = {isa = PBXBuildFile; fileRef = C9D68BDA2C6CD154002AF632 /* LogInViewController.swift */; };
		C9D68BE02C6CD155002AF632 /* Assets.xcassets in Resources */ = {isa = PBXBuildFile; fileRef = C9D68BDF2C6CD155002AF632 /* Assets.xcassets */; };
		C9D68BE32C6CD155002AF632 /* Base in Resources */ = {isa = PBXBuildFile; fileRef = C9D68BE22C6CD155002AF632 /* Base */; };
/* End PBXBuildFile section */

/* Begin PBXFileReference section */
		C99AA8612C6DFC1500C07BC2 /* Constant.swift */ = {isa = PBXFileReference; lastKnownFileType = sourcecode.swift; path = Constant.swift; sourceTree = "<group>"; };
		C99AA8672C6DFF6900C07BC2 /* BaseViewController.swift */ = {isa = PBXFileReference; lastKnownFileType = sourcecode.swift; path = BaseViewController.swift; sourceTree = "<group>"; };
		C99AA8692C6DFF9600C07BC2 /* UIViewController+.swift */ = {isa = PBXFileReference; lastKnownFileType = sourcecode.swift; path = "UIViewController+.swift"; sourceTree = "<group>"; };
		C99AA86B2C6E001100C07BC2 /* BaseView.swift */ = {isa = PBXFileReference; lastKnownFileType = sourcecode.swift; path = BaseView.swift; sourceTree = "<group>"; };
		C9D68BD32C6CD154002AF632 /* EcoPloggers.app */ = {isa = PBXFileReference; explicitFileType = wrapper.application; includeInIndex = 0; path = EcoPloggers.app; sourceTree = BUILT_PRODUCTS_DIR; };
		C9D68BD62C6CD154002AF632 /* AppDelegate.swift */ = {isa = PBXFileReference; lastKnownFileType = sourcecode.swift; path = AppDelegate.swift; sourceTree = "<group>"; };
		C9D68BD82C6CD154002AF632 /* SceneDelegate.swift */ = {isa = PBXFileReference; lastKnownFileType = sourcecode.swift; path = SceneDelegate.swift; sourceTree = "<group>"; };
		C9D68BDA2C6CD154002AF632 /* LogInViewController.swift */ = {isa = PBXFileReference; lastKnownFileType = sourcecode.swift; path = LogInViewController.swift; sourceTree = "<group>"; };
		C9D68BDF2C6CD155002AF632 /* Assets.xcassets */ = {isa = PBXFileReference; lastKnownFileType = folder.assetcatalog; path = Assets.xcassets; sourceTree = "<group>"; };
		C9D68BE22C6CD155002AF632 /* Base */ = {isa = PBXFileReference; lastKnownFileType = file.storyboard; name = Base; path = Base.lproj/LaunchScreen.storyboard; sourceTree = "<group>"; };
		C9D68BE42C6CD155002AF632 /* Info.plist */ = {isa = PBXFileReference; lastKnownFileType = text.plist.xml; path = Info.plist; sourceTree = "<group>"; };
		C9D68BEA2C6DD293002AF632 /* XCConfig.xcconfig */ = {isa = PBXFileReference; lastKnownFileType = text.xcconfig; path = XCConfig.xcconfig; sourceTree = "<group>"; };
/* End PBXFileReference section */

/* Begin PBXFrameworksBuildPhase section */
		C9D68BD02C6CD154002AF632 /* Frameworks */ = {
			isa = PBXFrameworksBuildPhase;
			buildActionMask = 2147483647;
			files = (
			);
			runOnlyForDeploymentPostprocessing = 0;
		};
/* End PBXFrameworksBuildPhase section */

/* Begin PBXGroup section */
		C99AA8512C6DF56D00C07BC2 /* Application */ = {
			isa = PBXGroup;
			children = (
				C9D68BD62C6CD154002AF632 /* AppDelegate.swift */,
				C9D68BD82C6CD154002AF632 /* SceneDelegate.swift */,
			);
			path = Application;
			sourceTree = "<group>";
		};
		C99AA8522C6DF6B500C07BC2 /* Presentation */ = {
			isa = PBXGroup;
			children = (
				C99AA8562C6DF87700C07BC2 /* SignUp */,
				C99AA8552C6DF85200C07BC2 /* LogIn */,
			);
			path = Presentation;
			sourceTree = "<group>";
		};
		C99AA8532C6DF6EB00C07BC2 /* Common */ = {
			isa = PBXGroup;
			children = (
				C99AA8662C6DFF5D00C07BC2 /* BaseUI */,
				C99AA8652C6DFE6100C07BC2 /* Model */,
				C99AA8642C6DFE5800C07BC2 /* Protocol */,
				C99AA8632C6DFE5200C07BC2 /* Extension */,
				C99AA8602C6DFC1000C07BC2 /* Constant */,
				C99AA8572C6DF98300C07BC2 /* Network */,
			);
			path = Common;
			sourceTree = "<group>";
		};
		C99AA8542C6DF71900C07BC2 /* Resources */ = {
			isa = PBXGroup;
			children = (
				C9D68BDF2C6CD155002AF632 /* Assets.xcassets */,
				C9D68BE12C6CD155002AF632 /* LaunchScreen.storyboard */,
				C9D68BE42C6CD155002AF632 /* Info.plist */,
			);
			path = Resources;
			sourceTree = "<group>";
		};
		C99AA8552C6DF85200C07BC2 /* LogIn */ = {
			isa = PBXGroup;
			children = (
				C9D68BDA2C6CD154002AF632 /* LogInViewController.swift */,
			);
			path = LogIn;
			sourceTree = "<group>";
		};
		C99AA8562C6DF87700C07BC2 /* SignUp */ = {
			isa = PBXGroup;
			children = (
			);
			path = SignUp;
			sourceTree = "<group>";
		};
		C99AA8572C6DF98300C07BC2 /* Network */ = {
			isa = PBXGroup;
			children = (
				C99AA85D2C6DFBE200C07BC2 /* Post */,
				C99AA85C2C6DFBDD00C07BC2 /* User */,
			);
			path = Network;
			sourceTree = "<group>";
		};
		C99AA85C2C6DFBDD00C07BC2 /* User */ = {
			isa = PBXGroup;
			children = (
			);
			path = User;
			sourceTree = "<group>";
		};
		C99AA85D2C6DFBE200C07BC2 /* Post */ = {
			isa = PBXGroup;
			children = (
			);
			path = Post;
			sourceTree = "<group>";
		};
		C99AA8602C6DFC1000C07BC2 /* Constant */ = {
			isa = PBXGroup;
			children = (
				C99AA8612C6DFC1500C07BC2 /* Constant.swift */,
			);
			path = Constant;
			sourceTree = "<group>";
		};
		C99AA8632C6DFE5200C07BC2 /* Extension */ = {
			isa = PBXGroup;
			children = (
				C99AA8692C6DFF9600C07BC2 /* UIViewController+.swift */,
			);
			path = Extension;
			sourceTree = "<group>";
		};
		C99AA8642C6DFE5800C07BC2 /* Protocol */ = {
			isa = PBXGroup;
			children = (
			);
			path = Protocol;
			sourceTree = "<group>";
		};
		C99AA8652C6DFE6100C07BC2 /* Model */ = {
			isa = PBXGroup;
			children = (
			);
			path = Model;
			sourceTree = "<group>";
		};
		C99AA8662C6DFF5D00C07BC2 /* BaseUI */ = {
			isa = PBXGroup;
			children = (
				C99AA8672C6DFF6900C07BC2 /* BaseViewController.swift */,
				C99AA86B2C6E001100C07BC2 /* BaseView.swift */,
			);
			path = BaseUI;
			sourceTree = "<group>";
		};
		C9D68BCA2C6CD154002AF632 = {
			isa = PBXGroup;
			children = (
				C9D68BEA2C6DD293002AF632 /* XCConfig.xcconfig */,
				C9D68BD52C6CD154002AF632 /* EcoPloggers */,
				C9D68BD42C6CD154002AF632 /* Products */,
			);
			sourceTree = "<group>";
		};
		C9D68BD42C6CD154002AF632 /* Products */ = {
			isa = PBXGroup;
			children = (
				C9D68BD32C6CD154002AF632 /* EcoPloggers.app */,
			);
			name = Products;
			sourceTree = "<group>";
		};
		C9D68BD52C6CD154002AF632 /* EcoPloggers */ = {
			isa = PBXGroup;
			children = (
				C99AA8512C6DF56D00C07BC2 /* Application */,
				C99AA8522C6DF6B500C07BC2 /* Presentation */,
				C99AA8532C6DF6EB00C07BC2 /* Common */,
				C99AA8542C6DF71900C07BC2 /* Resources */,
			);
			path = EcoPloggers;
			sourceTree = "<group>";
		};
/* End PBXGroup section */

/* Begin PBXNativeTarget section */
		C9D68BD22C6CD154002AF632 /* EcoPloggers */ = {
			isa = PBXNativeTarget;
			buildConfigurationList = C9D68BE72C6CD155002AF632 /* Build configuration list for PBXNativeTarget "EcoPloggers" */;
			buildPhases = (
				C9D68BCF2C6CD154002AF632 /* Sources */,
				C9D68BD02C6CD154002AF632 /* Frameworks */,
				C9D68BD12C6CD154002AF632 /* Resources */,
			);
			buildRules = (
			);
			dependencies = (
			);
			name = EcoPloggers;
			productName = EcoPloggers;
			productReference = C9D68BD32C6CD154002AF632 /* EcoPloggers.app */;
			productType = "com.apple.product-type.application";
		};
/* End PBXNativeTarget section */

/* Begin PBXProject section */
		C9D68BCB2C6CD154002AF632 /* Project object */ = {
			isa = PBXProject;
			attributes = {
				BuildIndependentTargetsInParallel = 1;
				LastSwiftUpdateCheck = 1530;
				LastUpgradeCheck = 1530;
				TargetAttributes = {
					C9D68BD22C6CD154002AF632 = {
						CreatedOnToolsVersion = 15.3;
					};
				};
			};
			buildConfigurationList = C9D68BCE2C6CD154002AF632 /* Build configuration list for PBXProject "EcoPloggers" */;
			compatibilityVersion = "Xcode 14.0";
			developmentRegion = en;
			hasScannedForEncodings = 0;
			knownRegions = (
				en,
				Base,
			);
			mainGroup = C9D68BCA2C6CD154002AF632;
			productRefGroup = C9D68BD42C6CD154002AF632 /* Products */;
			projectDirPath = "";
			projectRoot = "";
			targets = (
				C9D68BD22C6CD154002AF632 /* EcoPloggers */,
			);
		};
/* End PBXProject section */

/* Begin PBXResourcesBuildPhase section */
		C9D68BD12C6CD154002AF632 /* Resources */ = {
			isa = PBXResourcesBuildPhase;
			buildActionMask = 2147483647;
			files = (
				C9D68BE02C6CD155002AF632 /* Assets.xcassets in Resources */,
				C9D68BE32C6CD155002AF632 /* Base in Resources */,
			);
			runOnlyForDeploymentPostprocessing = 0;
		};
/* End PBXResourcesBuildPhase section */

/* Begin PBXSourcesBuildPhase section */
		C9D68BCF2C6CD154002AF632 /* Sources */ = {
			isa = PBXSourcesBuildPhase;
			buildActionMask = 2147483647;
			files = (
				C99AA8682C6DFF6900C07BC2 /* BaseViewController.swift in Sources */,
				C99AA8622C6DFC1500C07BC2 /* Constant.swift in Sources */,
				C99AA86A2C6DFF9600C07BC2 /* UIViewController+.swift in Sources */,
				C9D68BDB2C6CD154002AF632 /* LogInViewController.swift in Sources */,
				C99AA86C2C6E001100C07BC2 /* BaseView.swift in Sources */,
				C9D68BD72C6CD154002AF632 /* AppDelegate.swift in Sources */,
				C9D68BD92C6CD154002AF632 /* SceneDelegate.swift in Sources */,
			);
			runOnlyForDeploymentPostprocessing = 0;
		};
/* End PBXSourcesBuildPhase section */

/* Begin PBXVariantGroup section */
		C9D68BE12C6CD155002AF632 /* LaunchScreen.storyboard */ = {
			isa = PBXVariantGroup;
			children = (
				C9D68BE22C6CD155002AF632 /* Base */,
			);
			name = LaunchScreen.storyboard;
			sourceTree = "<group>";
		};
/* End PBXVariantGroup section */

/* Begin XCBuildConfiguration section */
		C9D68BE52C6CD155002AF632 /* Debug */ = {
			isa = XCBuildConfiguration;
			baseConfigurationReference = C9D68BEA2C6DD293002AF632 /* XCConfig.xcconfig */;
			buildSettings = {
				ALWAYS_SEARCH_USER_PATHS = NO;
				ASSETCATALOG_COMPILER_GENERATE_SWIFT_ASSET_SYMBOL_EXTENSIONS = YES;
				CLANG_ANALYZER_NONNULL = YES;
				CLANG_ANALYZER_NUMBER_OBJECT_CONVERSION = YES_AGGRESSIVE;
				CLANG_CXX_LANGUAGE_STANDARD = "gnu++20";
				CLANG_ENABLE_MODULES = YES;
				CLANG_ENABLE_OBJC_ARC = YES;
				CLANG_ENABLE_OBJC_WEAK = YES;
				CLANG_WARN_BLOCK_CAPTURE_AUTORELEASING = YES;
				CLANG_WARN_BOOL_CONVERSION = YES;
				CLANG_WARN_COMMA = YES;
				CLANG_WARN_CONSTANT_CONVERSION = YES;
				CLANG_WARN_DEPRECATED_OBJC_IMPLEMENTATIONS = YES;
				CLANG_WARN_DIRECT_OBJC_ISA_USAGE = YES_ERROR;
				CLANG_WARN_DOCUMENTATION_COMMENTS = YES;
				CLANG_WARN_EMPTY_BODY = YES;
				CLANG_WARN_ENUM_CONVERSION = YES;
				CLANG_WARN_INFINITE_RECURSION = YES;
				CLANG_WARN_INT_CONVERSION = YES;
				CLANG_WARN_NON_LITERAL_NULL_CONVERSION = YES;
				CLANG_WARN_OBJC_IMPLICIT_RETAIN_SELF = YES;
				CLANG_WARN_OBJC_LITERAL_CONVERSION = YES;
				CLANG_WARN_OBJC_ROOT_CLASS = YES_ERROR;
				CLANG_WARN_QUOTED_INCLUDE_IN_FRAMEWORK_HEADER = YES;
				CLANG_WARN_RANGE_LOOP_ANALYSIS = YES;
				CLANG_WARN_STRICT_PROTOTYPES = YES;
				CLANG_WARN_SUSPICIOUS_MOVE = YES;
				CLANG_WARN_UNGUARDED_AVAILABILITY = YES_AGGRESSIVE;
				CLANG_WARN_UNREACHABLE_CODE = YES;
				CLANG_WARN__DUPLICATE_METHOD_MATCH = YES;
				COPY_PHASE_STRIP = NO;
				DEBUG_INFORMATION_FORMAT = dwarf;
				ENABLE_STRICT_OBJC_MSGSEND = YES;
				ENABLE_TESTABILITY = YES;
				ENABLE_USER_SCRIPT_SANDBOXING = YES;
				GCC_C_LANGUAGE_STANDARD = gnu17;
				GCC_DYNAMIC_NO_PIC = NO;
				GCC_NO_COMMON_BLOCKS = YES;
				GCC_OPTIMIZATION_LEVEL = 0;
				GCC_PREPROCESSOR_DEFINITIONS = (
					"DEBUG=1",
					"$(inherited)",
				);
				GCC_WARN_64_TO_32_BIT_CONVERSION = YES;
				GCC_WARN_ABOUT_RETURN_TYPE = YES_ERROR;
				GCC_WARN_UNDECLARED_SELECTOR = YES;
				GCC_WARN_UNINITIALIZED_AUTOS = YES_AGGRESSIVE;
				GCC_WARN_UNUSED_FUNCTION = YES;
				GCC_WARN_UNUSED_VARIABLE = YES;
				INFOPLIST_PREPROCESS = YES;
				IPHONEOS_DEPLOYMENT_TARGET = 15.0;
				LOCALIZATION_PREFERS_STRING_CATALOGS = YES;
				MTL_ENABLE_DEBUG_INFO = INCLUDE_SOURCE;
				MTL_FAST_MATH = YES;
				ONLY_ACTIVE_ARCH = YES;
				SDKROOT = iphoneos;
				SWIFT_ACTIVE_COMPILATION_CONDITIONS = "DEBUG $(inherited)";
				SWIFT_OPTIMIZATION_LEVEL = "-Onone";
			};
			name = Debug;
		};
		C9D68BE62C6CD155002AF632 /* Release */ = {
			isa = XCBuildConfiguration;
			buildSettings = {
				ALWAYS_SEARCH_USER_PATHS = NO;
				ASSETCATALOG_COMPILER_GENERATE_SWIFT_ASSET_SYMBOL_EXTENSIONS = YES;
				CLANG_ANALYZER_NONNULL = YES;
				CLANG_ANALYZER_NUMBER_OBJECT_CONVERSION = YES_AGGRESSIVE;
				CLANG_CXX_LANGUAGE_STANDARD = "gnu++20";
				CLANG_ENABLE_MODULES = YES;
				CLANG_ENABLE_OBJC_ARC = YES;
				CLANG_ENABLE_OBJC_WEAK = YES;
				CLANG_WARN_BLOCK_CAPTURE_AUTORELEASING = YES;
				CLANG_WARN_BOOL_CONVERSION = YES;
				CLANG_WARN_COMMA = YES;
				CLANG_WARN_CONSTANT_CONVERSION = YES;
				CLANG_WARN_DEPRECATED_OBJC_IMPLEMENTATIONS = YES;
				CLANG_WARN_DIRECT_OBJC_ISA_USAGE = YES_ERROR;
				CLANG_WARN_DOCUMENTATION_COMMENTS = YES;
				CLANG_WARN_EMPTY_BODY = YES;
				CLANG_WARN_ENUM_CONVERSION = YES;
				CLANG_WARN_INFINITE_RECURSION = YES;
				CLANG_WARN_INT_CONVERSION = YES;
				CLANG_WARN_NON_LITERAL_NULL_CONVERSION = YES;
				CLANG_WARN_OBJC_IMPLICIT_RETAIN_SELF = YES;
				CLANG_WARN_OBJC_LITERAL_CONVERSION = YES;
				CLANG_WARN_OBJC_ROOT_CLASS = YES_ERROR;
				CLANG_WARN_QUOTED_INCLUDE_IN_FRAMEWORK_HEADER = YES;
				CLANG_WARN_RANGE_LOOP_ANALYSIS = YES;
				CLANG_WARN_STRICT_PROTOTYPES = YES;
				CLANG_WARN_SUSPICIOUS_MOVE = YES;
				CLANG_WARN_UNGUARDED_AVAILABILITY = YES_AGGRESSIVE;
				CLANG_WARN_UNREACHABLE_CODE = YES;
				CLANG_WARN__DUPLICATE_METHOD_MATCH = YES;
				COPY_PHASE_STRIP = NO;
				DEBUG_INFORMATION_FORMAT = "dwarf-with-dsym";
				ENABLE_NS_ASSERTIONS = NO;
				ENABLE_STRICT_OBJC_MSGSEND = YES;
				ENABLE_USER_SCRIPT_SANDBOXING = YES;
				GCC_C_LANGUAGE_STANDARD = gnu17;
				GCC_NO_COMMON_BLOCKS = YES;
				GCC_WARN_64_TO_32_BIT_CONVERSION = YES;
				GCC_WARN_ABOUT_RETURN_TYPE = YES_ERROR;
				GCC_WARN_UNDECLARED_SELECTOR = YES;
				GCC_WARN_UNINITIALIZED_AUTOS = YES_AGGRESSIVE;
				GCC_WARN_UNUSED_FUNCTION = YES;
				GCC_WARN_UNUSED_VARIABLE = YES;
				INFOPLIST_PREPROCESS = YES;
				IPHONEOS_DEPLOYMENT_TARGET = 15.0;
				LOCALIZATION_PREFERS_STRING_CATALOGS = YES;
				MTL_ENABLE_DEBUG_INFO = NO;
				MTL_FAST_MATH = YES;
				SDKROOT = iphoneos;
				SWIFT_COMPILATION_MODE = wholemodule;
				VALIDATE_PRODUCT = YES;
			};
			name = Release;
		};
		C9D68BE82C6CD155002AF632 /* Debug */ = {
			isa = XCBuildConfiguration;
			baseConfigurationReference = C9D68BEA2C6DD293002AF632 /* XCConfig.xcconfig */;
			buildSettings = {
				ASSETCATALOG_COMPILER_APPICON_NAME = AppIcon;
				ASSETCATALOG_COMPILER_GLOBAL_ACCENT_COLOR_NAME = AccentColor;
				CODE_SIGN_STYLE = Automatic;
				CURRENT_PROJECT_VERSION = 1;
				GENERATE_INFOPLIST_FILE = YES;
				INFOPLIST_FILE = EcoPloggers/Resources/Info.plist;
				INFOPLIST_KEY_UIApplicationSupportsIndirectInputEvents = YES;
				INFOPLIST_KEY_UILaunchStoryboardName = LaunchScreen;
				INFOPLIST_KEY_UISupportedInterfaceOrientations = UIInterfaceOrientationPortrait;
				INFOPLIST_KEY_UISupportedInterfaceOrientations_iPad = UIInterfaceOrientationPortrait;
				IPHONEOS_DEPLOYMENT_TARGET = 15.0;
				LD_RUNPATH_SEARCH_PATHS = (
					"$(inherited)",
					"@executable_path/Frameworks",
				);
				MARKETING_VERSION = 1.0;
				PRODUCT_BUNDLE_IDENTIFIER = com.isakHam.EcoPloggers;
				PRODUCT_NAME = "$(TARGET_NAME)";
				SUPPORTED_PLATFORMS = "iphoneos iphonesimulator";
				SUPPORTS_MACCATALYST = NO;
				SUPPORTS_MAC_DESIGNED_FOR_IPHONE_IPAD = NO;
				SUPPORTS_XR_DESIGNED_FOR_IPHONE_IPAD = NO;
				SWIFT_EMIT_LOC_STRINGS = YES;
				SWIFT_VERSION = 5.0;
				TARGETED_DEVICE_FAMILY = 1;
			};
			name = Debug;
		};
		C9D68BE92C6CD155002AF632 /* Release */ = {
			isa = XCBuildConfiguration;
			buildSettings = {
				ASSETCATALOG_COMPILER_APPICON_NAME = AppIcon;
				ASSETCATALOG_COMPILER_GLOBAL_ACCENT_COLOR_NAME = AccentColor;
				CODE_SIGN_STYLE = Automatic;
				CURRENT_PROJECT_VERSION = 1;
				GENERATE_INFOPLIST_FILE = YES;
				INFOPLIST_FILE = EcoPloggers/Resources/Info.plist;
				INFOPLIST_KEY_UIApplicationSupportsIndirectInputEvents = YES;
				INFOPLIST_KEY_UILaunchStoryboardName = LaunchScreen;
				INFOPLIST_KEY_UISupportedInterfaceOrientations = UIInterfaceOrientationPortrait;
				INFOPLIST_KEY_UISupportedInterfaceOrientations_iPad = UIInterfaceOrientationPortrait;
				IPHONEOS_DEPLOYMENT_TARGET = 15.0;
				LD_RUNPATH_SEARCH_PATHS = (
					"$(inherited)",
					"@executable_path/Frameworks",
				);
				MARKETING_VERSION = 1.0;
				PRODUCT_BUNDLE_IDENTIFIER = com.isakHam.EcoPloggers;
				PRODUCT_NAME = "$(TARGET_NAME)";
				SUPPORTED_PLATFORMS = "iphoneos iphonesimulator";
				SUPPORTS_MACCATALYST = NO;
				SUPPORTS_MAC_DESIGNED_FOR_IPHONE_IPAD = NO;
				SUPPORTS_XR_DESIGNED_FOR_IPHONE_IPAD = NO;
				SWIFT_EMIT_LOC_STRINGS = YES;
				SWIFT_VERSION = 5.0;
				TARGETED_DEVICE_FAMILY = 1;
			};
			name = Release;
		};
/* End XCBuildConfiguration section */

/* Begin XCConfigurationList section */
		C9D68BCE2C6CD154002AF632 /* Build configuration list for PBXProject "EcoPloggers" */ = {
			isa = XCConfigurationList;
			buildConfigurations = (
				C9D68BE52C6CD155002AF632 /* Debug */,
				C9D68BE62C6CD155002AF632 /* Release */,
			);
			defaultConfigurationIsVisible = 0;
			defaultConfigurationName = Release;
		};
		C9D68BE72C6CD155002AF632 /* Build configuration list for PBXNativeTarget "EcoPloggers" */ = {
			isa = XCConfigurationList;
			buildConfigurations = (
				C9D68BE82C6CD155002AF632 /* Debug */,
				C9D68BE92C6CD155002AF632 /* Release */,
			);
			defaultConfigurationIsVisible = 0;
			defaultConfigurationName = Release;
		};
/* End XCConfigurationList section */
	};
	rootObject = C9D68BCB2C6CD154002AF632 /* Project object */;
}
